# This file is automatically @generated by Cargo.
# It is not intended for manual editing.
version = 3

[[package]]
name = "bogsquif"
version = "0.1.0"
dependencies = [
 "gifed",
]

[[package]]
name = "gifed"
version = "0.1.0"
dependencies = [
 "owo-colors",
 "weezl",
]

[[package]]
name = "owo-colors"
version = "2.0.0"
source = "registry+https://github.com/rust-lang/crates.io-index"
checksum = "f2fe43bf372b08cc9ccee5144715db59c79ab00168bbe4cf0d274dc0d5f64d7f"

[[package]]
name = "weezl"
version = "0.1.5"
source = "registry+https://github.com/rust-lang/crates.io-index"
checksum = "d8b77fdfd5a253be4ab714e4ffa3c49caf146b4de743e97510c0656cf90f1e8e"
